
Microsoft Visual Studio Solution File, Format Version 12.00
# Visual Studio Version 17
VisualStudioVersion = 17.1.32210.238
MinimumVisualStudioVersion = 10.0.40219.1
Project("{FAE04EC0-301F-11D3-BF4B-00C04F79EFBC}") = "Session-07", "Session-08\Session-07.csproj", "{191DA3D7-D7ED-4651-A478-3A7A0B1BA8E9}"
	ProjectSection(ProjectDependencies) = postProject
		{EF12EB80-6D32-4168-960D-43055ED6088A} = {EF12EB80-6D32-4168-960D-43055ED6088A}
	EndProjectSection
EndProject
Project("{FAE04EC0-301F-11D3-BF4B-00C04F79EFBC}") = "LibUniversity", "LibUniversity\LibUniversity.csproj", "{EF12EB80-6D32-4168-960D-43055ED6088A}"
EndProject
Global
	GlobalSection(SolutionConfigurationPlatforms) = preSolution
		Debug|Any CPU = Debug|Any CPU
		Release|Any CPU = Release|Any CPU
	EndGlobalSection
	GlobalSection(ProjectConfigurationPlatforms) = postSolution
		{191DA3D7-D7ED-4651-A478-3A7A0B1BA8E9}.Debug|Any CPU.ActiveCfg = Debug|Any CPU
		{191DA3D7-D7ED-4651-A478-3A7A0B1BA8E9}.Debug|Any CPU.Build.0 = Debug|Any CPU
		{191DA3D7-D7ED-4651-A478-3A7A0B1BA8E9}.Release|Any CPU.ActiveCfg = Release|Any CPU
		{191DA3D7-D7ED-4651-A478-3A7A0B1BA8E9}.Release|Any CPU.Build.0 = Release|Any CPU
		{EF12EB80-6D32-4168-960D-43055ED6088A}.Debug|Any CPU.ActiveCfg = Debug|Any CPU
		{EF12EB80-6D32-4168-960D-43055ED6088A}.Debug|Any CPU.Build.0 = Debug|Any CPU
		{EF12EB80-6D32-4168-960D-43055ED6088A}.Release|Any CPU.ActiveCfg = Release|Any CPU
		{EF12EB80-6D32-4168-960D-43055ED6088A}.Release|Any CPU.Build.0 = Release|Any CPU
	EndGlobalSection
	GlobalSection(SolutionProperties) = preSolution
		HideSolutionNode = FALSE
	EndGlobalSection
	GlobalSection(ExtensibilityGlobals) = postSolution
		SolutionGuid = {583A3EA6-B646-4A77-B621-F77872525579}
	EndGlobalSection
EndGlobal
